
Microsoft Visual Studio Solution File, Format Version 12.00
# Visual Studio Version 17
VisualStudioVersion = 17.7.34003.232
MinimumVisualStudioVersion = 10.0.40219.1
Project("{FAE04EC0-301F-11D3-BF4B-00C04F79EFBC}") = "ClassBasics", "ClassBasics\ClassBasics.csproj", "{88DA78A0-C6FF-4C36-A99B-8F5078893242}"
EndProject
Global
	GlobalSection(SolutionConfigurationPlatforms) = preSolution
		Debug|Any CPU = Debug|Any CPU
		Release|Any CPU = Release|Any CPU
	EndGlobalSection
	GlobalSection(ProjectConfigurationPlatforms) = postSolution
		{88DA78A0-C6FF-4C36-A99B-8F5078893242}.Debug|Any CPU.ActiveCfg = Debug|Any CPU
		{88DA78A0-C6FF-4C36-A99B-8F5078893242}.Debug|Any CPU.Build.0 = Debug|Any CPU
		{88DA78A0-C6FF-4C36-A99B-8F5078893242}.Release|Any CPU.ActiveCfg = Release|Any CPU
		{88DA78A0-C6FF-4C36-A99B-8F5078893242}.Release|Any CPU.Build.0 = Release|Any CPU
	EndGlobalSection
	GlobalSection(SolutionProperties) = preSolution
		HideSolutionNode = FALSE
	EndGlobalSection
	GlobalSection(ExtensibilityGlobals) = postSolution
		SolutionGuid = {AA524159-D392-4B6B-BCB9-F5AAE94CE9B5}
	EndGlobalSection
EndGlobal
